
Terraform used the selected providers to generate the following execution
plan. Resource actions are indicated with the following symbols:
  + create

Terraform will perform the following actions:

  # docker_container.nginx_container will be created
  + resource "docker_container" "nginx_container" {
      + attach                                      = false
      + bridge                                      = (known after apply)
      + command                                     = (known after apply)
      + container_logs                              = (known after apply)
      + container_read_refresh_timeout_milliseconds = 15000
      + entrypoint                                  = (known after apply)
      + env                                         = (known after apply)
      + exit_code                                   = (known after apply)
      + hostname                                    = (known after apply)
      + id                                          = (known after apply)
      + image                                       = "nginx:latest"
      + init                                        = (known after apply)
      + ipc_mode                                    = (known after apply)
      + log_driver                                  = (known after apply)
      + logs                                        = false
      + must_run                                    = true
      + name                                        = "my-nginx-container"
      + network_data                                = (known after apply)
      + read_only                                   = false
      + remove_volumes                              = true
      + restart                                     = "no"
      + rm                                          = false
      + runtime                                     = (known after apply)
      + security_opts                               = (known after apply)
      + shm_size                                    = (known after apply)
      + start                                       = true
      + stdin_open                                  = false
      + stop_signal                                 = (known after apply)
      + stop_timeout                                = (known after apply)
      + tty                                         = false
      + wait                                        = false
      + wait_timeout                                = 60

      + ports {
          + external = 8080
          + internal = 80
          + ip       = "0.0.0.0"
          + protocol = "tcp"
        }
    }

  # docker_image.nginx will be created
  + resource "docker_image" "nginx" {
      + id          = (known after apply)
      + image_id    = (known after apply)
      + name        = "nginx:latest"
      + repo_digest = (known after apply)
    }

Plan: 2 to add, 0 to change, 0 to destroy.
docker_image.nginx: Creating...
docker_image.nginx: Creation complete after 8s [id=sha256:a830707172e8069c09cf6c67a04e23e5a1a332d70a90a54999b76273a928b9cenginx:latest]
docker_container.nginx_container: Creating...
docker_container.nginx_container: Creation complete after 0s [id=82348f568fd19a3fa0d66a59e84b87c36ad669fef08f1b7aa84aa9d7a90b9201]

Apply complete! Resources: 2 added, 0 changed, 0 destroyed.
